
Microsoft Visual Studio Solution File, Format Version 12.00
# Visual Studio 15
VisualStudioVersion = 15.0.28307.1259
MinimumVisualStudioVersion = 10.0.40219.1
Project("{FAE04EC0-301F-11D3-BF4B-00C04F79EFBC}") = "CEN Final", "WindowsFormsApp1\CEN Final.csproj", "{F89553F1-380A-490D-A0D6-9921F7B652BB}"
EndProject
Global
	GlobalSection(SolutionConfigurationPlatforms) = preSolution
		Debug|Any CPU = Debug|Any CPU
		Release|Any CPU = Release|Any CPU
	EndGlobalSection
	GlobalSection(ProjectConfigurationPlatforms) = postSolution
		{F89553F1-380A-490D-A0D6-9921F7B652BB}.Debug|Any CPU.ActiveCfg = Debug|Any CPU
		{F89553F1-380A-490D-A0D6-9921F7B652BB}.Debug|Any CPU.Build.0 = Debug|Any CPU
		{F89553F1-380A-490D-A0D6-9921F7B652BB}.Release|Any CPU.ActiveCfg = Release|Any CPU
		{F89553F1-380A-490D-A0D6-9921F7B652BB}.Release|Any CPU.Build.0 = Release|Any CPU
	EndGlobalSection
	GlobalSection(SolutionProperties) = preSolution
		HideSolutionNode = FALSE
	EndGlobalSection
	GlobalSection(ExtensibilityGlobals) = postSolution
		SolutionGuid = {0A295655-BB90-420D-B82B-A9945251B522}
	EndGlobalSection
EndGlobal
